// !$*UTF8*$!
{
	archiveVersion = 1;
	classes = {
	};
	objectVersion = 52;
	objects = {

/* Begin PBXBuildFile section */
		6D0C43770B646E04E1E29804 /* DatabaseItems.swift in Sources */ = {isa = PBXBuildFile; fileRef = 6D0C47553D4EA313D0D3B08A /* DatabaseItems.swift */; };
		6D0C4EE45548096B2EB7C516 /* Resource.swift in Sources */ = {isa = PBXBuildFile; fileRef = 6D0C461EFDF414DD64363C72 /* Resource.swift */; };
		702CD318242286520021E255 /* libsqlite3.0.tbd in Frameworks */ = {isa = PBXBuildFile; fileRef = 702CD3172422864B0021E255 /* libsqlite3.0.tbd */; };
		702CD31A242286610021E255 /* libsqlite3.tbd in Frameworks */ = {isa = PBXBuildFile; fileRef = 702CD319242286570021E255 /* libsqlite3.tbd */; };
		702CD31D242287B40021E255 /* DatabaseBuilder.swift in Sources */ = {isa = PBXBuildFile; fileRef = 702CD31C242287B40021E255 /* DatabaseBuilder.swift */; };
		702CD321242288410021E255 /* ColumnDescriptor.swift in Sources */ = {isa = PBXBuildFile; fileRef = 702CD320242288410021E255 /* ColumnDescriptor.swift */; };
		702CD323242288B30021E255 /* DataType.swift in Sources */ = {isa = PBXBuildFile; fileRef = 702CD322242288B30021E255 /* DataType.swift */; };
		702CD3252422972C0021E255 /* InitDelegate.swift in Sources */ = {isa = PBXBuildFile; fileRef = 702CD3242422972C0021E255 /* InitDelegate.swift */; };
		703649FD243FCBB800FC11B5 /* HomeController.swift in Sources */ = {isa = PBXBuildFile; fileRef = 703649FC243FCBB800FC11B5 /* HomeController.swift */; };
		70459607243FCE8400B0AB91 /* DetailViewCell.swift in Sources */ = {isa = PBXBuildFile; fileRef = 70459606243FCE8400B0AB91 /* DetailViewCell.swift */; };
		70498F4D243E51A000E670A4 /* KidsTale.db in Resources */ = {isa = PBXBuildFile; fileRef = 70498F4C243E51A000E670A4 /* KidsTale.db */; };
		70498F52243E633C00E670A4 /* ResourceType.swift in Sources */ = {isa = PBXBuildFile; fileRef = 70498F51243E633C00E670A4 /* ResourceType.swift */; };
		70FB91B0241574760039DE36 /* VisibilityState.swift in Sources */ = {isa = PBXBuildFile; fileRef = 70FB91AF241574760039DE36 /* VisibilityState.swift */; };
		70FB91B624158ED00039DE36 /* SmartUIViewController.swift in Sources */ = {isa = PBXBuildFile; fileRef = 70FB91B524158ED00039DE36 /* SmartUIViewController.swift */; };
		AE84FA4124047568007865C7 /* AppDelegate.swift in Sources */ = {isa = PBXBuildFile; fileRef = AE84FA4024047568007865C7 /* AppDelegate.swift */; };
		AE84FA4324047568007865C7 /* HomeScreenViewController.swift in Sources */ = {isa = PBXBuildFile; fileRef = AE84FA4224047568007865C7 /* HomeScreenViewController.swift */; };
		AE84FA4624047568007865C7 /* Main.storyboard in Resources */ = {isa = PBXBuildFile; fileRef = AE84FA4424047568007865C7 /* Main.storyboard */; };
		AE84FA4824047568007865C7 /* Assets.xcassets in Resources */ = {isa = PBXBuildFile; fileRef = AE84FA4724047568007865C7 /* Assets.xcassets */; };
		AE84FA4B24047568007865C7 /* LaunchScreen.storyboard in Resources */ = {isa = PBXBuildFile; fileRef = AE84FA4924047568007865C7 /* LaunchScreen.storyboard */; };
/* End PBXBuildFile section */

/* Begin PBXFileReference section */
		6D0C461EFDF414DD64363C72 /* Resource.swift */ = {isa = PBXFileReference; fileEncoding = 4; lastKnownFileType = sourcecode.swift; path = Resource.swift; sourceTree = "<group>"; };
		6D0C47553D4EA313D0D3B08A /* DatabaseItems.swift */ = {isa = PBXFileReference; fileEncoding = 4; lastKnownFileType = sourcecode.swift; path = DatabaseItems.swift; sourceTree = "<group>"; };
		702CD3172422864B0021E255 /* libsqlite3.0.tbd */ = {isa = PBXFileReference; lastKnownFileType = "sourcecode.text-based-dylib-definition"; name = libsqlite3.0.tbd; path = usr/lib/libsqlite3.0.tbd; sourceTree = SDKROOT; };
		702CD319242286570021E255 /* libsqlite3.tbd */ = {isa = PBXFileReference; lastKnownFileType = "sourcecode.text-based-dylib-definition"; name = libsqlite3.tbd; path = usr/lib/libsqlite3.tbd; sourceTree = SDKROOT; };
		702CD31C242287B40021E255 /* DatabaseBuilder.swift */ = {isa = PBXFileReference; lastKnownFileType = sourcecode.swift; path = DatabaseBuilder.swift; sourceTree = "<group>"; };
		702CD320242288410021E255 /* ColumnDescriptor.swift */ = {isa = PBXFileReference; lastKnownFileType = sourcecode.swift; path = ColumnDescriptor.swift; sourceTree = "<group>"; };
		702CD322242288B30021E255 /* DataType.swift */ = {isa = PBXFileReference; lastKnownFileType = sourcecode.swift; path = DataType.swift; sourceTree = "<group>"; };
		702CD3242422972C0021E255 /* InitDelegate.swift */ = {isa = PBXFileReference; lastKnownFileType = sourcecode.swift; path = InitDelegate.swift; sourceTree = "<group>"; };
		703649FC243FCBB800FC11B5 /* HomeController.swift */ = {isa = PBXFileReference; lastKnownFileType = sourcecode.swift; path = HomeController.swift; sourceTree = "<group>"; };
		70459606243FCE8400B0AB91 /* DetailViewCell.swift */ = {isa = PBXFileReference; lastKnownFileType = sourcecode.swift; path = DetailViewCell.swift; sourceTree = "<group>"; };
		70498F4C243E51A000E670A4 /* KidsTale.db */ = {isa = PBXFileReference; lastKnownFileType = file; path = KidsTale.db; sourceTree = "<group>"; };
		70498F51243E633C00E670A4 /* ResourceType.swift */ = {isa = PBXFileReference; lastKnownFileType = sourcecode.swift; path = ResourceType.swift; sourceTree = "<group>"; };
		70FB91AF241574760039DE36 /* VisibilityState.swift */ = {isa = PBXFileReference; lastKnownFileType = sourcecode.swift; path = VisibilityState.swift; sourceTree = "<group>"; };
		70FB91B524158ED00039DE36 /* SmartUIViewController.swift */ = {isa = PBXFileReference; lastKnownFileType = sourcecode.swift; path = SmartUIViewController.swift; sourceTree = "<group>"; };
		AE84FA3D24047568007865C7 /* final.app */ = {isa = PBXFileReference; explicitFileType = wrapper.application; includeInIndex = 0; path = final.app; sourceTree = BUILT_PRODUCTS_DIR; };
		AE84FA4024047568007865C7 /* AppDelegate.swift */ = {isa = PBXFileReference; lastKnownFileType = sourcecode.swift; path = AppDelegate.swift; sourceTree = "<group>"; };
		AE84FA4224047568007865C7 /* HomeScreenViewController.swift */ = {isa = PBXFileReference; lastKnownFileType = sourcecode.swift; path = HomeScreenViewController.swift; sourceTree = "<group>"; };
		AE84FA4524047568007865C7 /* Base */ = {isa = PBXFileReference; lastKnownFileType = file.storyboard; name = Base; path = Base.lproj/Main.storyboard; sourceTree = "<group>"; };
		AE84FA4724047568007865C7 /* Assets.xcassets */ = {isa = PBXFileReference; lastKnownFileType = folder.assetcatalog; path = Assets.xcassets; sourceTree = "<group>"; };
		AE84FA4A24047568007865C7 /* Base */ = {isa = PBXFileReference; lastKnownFileType = file.storyboard; name = Base; path = Base.lproj/LaunchScreen.storyboard; sourceTree = "<group>"; };
		AE84FA4C24047568007865C7 /* Info.plist */ = {isa = PBXFileReference; lastKnownFileType = text.plist.xml; path = Info.plist; sourceTree = "<group>"; };
/* End PBXFileReference section */

/* Begin PBXFrameworksBuildPhase section */
		AE84FA3A24047568007865C7 /* Frameworks */ = {
			isa = PBXFrameworksBuildPhase;
			buildActionMask = 2147483647;
			files = (
				702CD31A242286610021E255 /* libsqlite3.tbd in Frameworks */,
				702CD318242286520021E255 /* libsqlite3.0.tbd in Frameworks */,
			);
			runOnlyForDeploymentPostprocessing = 0;
		};
/* End PBXFrameworksBuildPhase section */

/* Begin PBXGroup section */
		6D0C465ACB97896EC5EF3E39 /* Backing */ = {
			isa = PBXGroup;
			children = (
				6D0C48F16E1F4798E79B8BBB /* Object */,
				6D0C47553D4EA313D0D3B08A /* DatabaseItems.swift */,
			);
			path = Backing;
			sourceTree = "<group>";
		};
		6D0C48F16E1F4798E79B8BBB /* Object */ = {
			isa = PBXGroup;
			children = (
				6D0C461EFDF414DD64363C72 /* Resource.swift */,
			);
			path = Object;
			sourceTree = "<group>";
		};
		702CD3162422864B0021E255 /* Frameworks */ = {
			isa = PBXGroup;
			children = (
				702CD319242286570021E255 /* libsqlite3.tbd */,
				702CD3172422864B0021E255 /* libsqlite3.0.tbd */,
			);
			name = Frameworks;
			sourceTree = "<group>";
		};
		702CD31B242287900021E255 /* Database */ = {
			isa = PBXGroup;
			children = (
				702CD31C242287B40021E255 /* DatabaseBuilder.swift */,
				702CD320242288410021E255 /* ColumnDescriptor.swift */,
				702CD322242288B30021E255 /* DataType.swift */,
				702CD3242422972C0021E255 /* InitDelegate.swift */,
			);
			path = Database;
			sourceTree = "<group>";
		};
		703649FB243FCB7C00FC11B5 /* Home Screen */ = {
			isa = PBXGroup;
			children = (
				AE84FA4224047568007865C7 /* HomeScreenViewController.swift */,
				703649FC243FCBB800FC11B5 /* HomeController.swift */,
			);
			path = "Home Screen";
			sourceTree = "<group>";
		};
		70498F50243E5E4100E670A4 /* Cell */ = {
			isa = PBXGroup;
			children = (
				70459606243FCE8400B0AB91 /* DetailViewCell.swift */,
			);
			path = Cell;
			sourceTree = "<group>";
		};
		70FB91B72415A23F0039DE36 /* Helpers */ = {
			isa = PBXGroup;
			children = (
				70FB91B524158ED00039DE36 /* SmartUIViewController.swift */,
			);
			path = Helpers;
			sourceTree = "<group>";
		};
		70FB91B82415A25C0039DE36 /* Enumeration */ = {
			isa = PBXGroup;
			children = (
				70FB91AF241574760039DE36 /* VisibilityState.swift */,
				70498F51243E633C00E670A4 /* ResourceType.swift */,
			);
			path = Enumeration;
			sourceTree = "<group>";
		};
		AE3CE08E240ABB0800E62413 /* View Controllers */ = {
			isa = PBXGroup;
			children = (
				703649FB243FCB7C00FC11B5 /* Home Screen */,
				70FB91B72415A23F0039DE36 /* Helpers */,
			);
			path = "View Controllers";
			sourceTree = "<group>";
		};
		AE3CE08F240ABB2200E62413 /* Storyboards */ = {
			isa = PBXGroup;
			children = (
				AE84FA4424047568007865C7 /* Main.storyboard */,
				AE84FA4924047568007865C7 /* LaunchScreen.storyboard */,
			);
			path = Storyboards;
			sourceTree = "<group>";
		};
		AE3CE090240ABB9200E62413 /* Other */ = {
			isa = PBXGroup;
			children = (
				70498F50243E5E4100E670A4 /* Cell */,
				70FB91B82415A25C0039DE36 /* Enumeration */,
				AE84FA4724047568007865C7 /* Assets.xcassets */,
				AE84FA4024047568007865C7 /* AppDelegate.swift */,
				6D0C465ACB97896EC5EF3E39 /* Backing */,
			);
			path = Other;
			sourceTree = "<group>";
		};
		AE84FA3424047568007865C7 = {
			isa = PBXGroup;
			children = (
				AE84FA3F24047568007865C7 /* final */,
				AE84FA3E24047568007865C7 /* Products */,
				702CD3162422864B0021E255 /* Frameworks */,
			);
			sourceTree = "<group>";
		};
		AE84FA3E24047568007865C7 /* Products */ = {
			isa = PBXGroup;
			children = (
				AE84FA3D24047568007865C7 /* final.app */,
			);
			name = Products;
			sourceTree = "<group>";
		};
		AE84FA3F24047568007865C7 /* final */ = {
			isa = PBXGroup;
			children = (
				70498F4C243E51A000E670A4 /* KidsTale.db */,
				702CD31B242287900021E255 /* Database */,
				AE84FA4C24047568007865C7 /* Info.plist */,
				AE3CE090240ABB9200E62413 /* Other */,
				AE3CE08E240ABB0800E62413 /* View Controllers */,
				AE3CE08F240ABB2200E62413 /* Storyboards */,
			);
			path = final;
			sourceTree = "<group>";
		};
/* End PBXGroup section */

/* Begin PBXNativeTarget section */
		AE84FA3C24047568007865C7 /* final */ = {
			isa = PBXNativeTarget;
			buildConfigurationList = AE84FA4F24047568007865C7 /* Build configuration list for PBXNativeTarget "final" */;
			buildPhases = (
				AE84FA3924047568007865C7 /* Sources */,
				AE84FA3A24047568007865C7 /* Frameworks */,
				AE84FA3B24047568007865C7 /* Resources */,
			);
			buildRules = (
			);
			dependencies = (
			);
			name = final;
			packageProductDependencies = (
			);
			productName = final;
			productReference = AE84FA3D24047568007865C7 /* final.app */;
			productType = "com.apple.product-type.application";
		};
/* End PBXNativeTarget section */

/* Begin PBXProject section */
		AE84FA3524047568007865C7 /* Project object */ = {
			isa = PBXProject;
			attributes = {
				LastSwiftUpdateCheck = 1030;
				LastUpgradeCheck = 1030;
				TargetAttributes = {
					AE84FA3C24047568007865C7 = {
						CreatedOnToolsVersion = 10.3;
					};
				};
			};
			buildConfigurationList = AE84FA3824047568007865C7 /* Build configuration list for PBXProject "final" */;
			compatibilityVersion = "Xcode 9.3";
			developmentRegion = en;
			hasScannedForEncodings = 0;
			knownRegions = (
				en,
				Base,
			);
			mainGroup = AE84FA3424047568007865C7;
			packageReferences = (
				7098BA2C243EA84500259F9D /* XCRemoteSwiftPackageReference "Alamofire" */,
			);
			productRefGroup = AE84FA3E24047568007865C7 /* Products */;
			projectDirPath = "";
			projectRoot = "";
			targets = (
				AE84FA3C24047568007865C7 /* final */,
			);
		};
/* End PBXProject section */

/* Begin PBXResourcesBuildPhase section */
		AE84FA3B24047568007865C7 /* Resources */ = {
			isa = PBXResourcesBuildPhase;
			buildActionMask = 2147483647;
			files = (
				AE84FA4B24047568007865C7 /* LaunchScreen.storyboard in Resources */,
				70498F4D243E51A000E670A4 /* KidsTale.db in Resources */,
				AE84FA4824047568007865C7 /* Assets.xcassets in Resources */,
				AE84FA4624047568007865C7 /* Main.storyboard in Resources */,
			);
			runOnlyForDeploymentPostprocessing = 0;
		};
/* End PBXResourcesBuildPhase section */

/* Begin PBXSourcesBuildPhase section */
		AE84FA3924047568007865C7 /* Sources */ = {
			isa = PBXSourcesBuildPhase;
			buildActionMask = 2147483647;
			files = (
				702CD3252422972C0021E255 /* InitDelegate.swift in Sources */,
				702CD323242288B30021E255 /* DataType.swift in Sources */,
				70FB91B624158ED00039DE36 /* SmartUIViewController.swift in Sources */,
				70FB91B0241574760039DE36 /* VisibilityState.swift in Sources */,
				70459607243FCE8400B0AB91 /* DetailViewCell.swift in Sources */,
				AE84FA4324047568007865C7 /* HomeScreenViewController.swift in Sources */,
				703649FD243FCBB800FC11B5 /* HomeController.swift in Sources */,
				702CD31D242287B40021E255 /* DatabaseBuilder.swift in Sources */,
				AE84FA4124047568007865C7 /* AppDelegate.swift in Sources */,
				6D0C4EE45548096B2EB7C516 /* Resource.swift in Sources */,
				702CD321242288410021E255 /* ColumnDescriptor.swift in Sources */,
				6D0C43770B646E04E1E29804 /* DatabaseItems.swift in Sources */,
				70498F52243E633C00E670A4 /* ResourceType.swift in Sources */,
			);
			runOnlyForDeploymentPostprocessing = 0;
		};
/* End PBXSourcesBuildPhase section */

/* Begin PBXVariantGroup section */
		AE84FA4424047568007865C7 /* Main.storyboard */ = {
			isa = PBXVariantGroup;
			children = (
				AE84FA4524047568007865C7 /* Base */,
			);
			name = Main.storyboard;
			sourceTree = "<group>";
		};
		AE84FA4924047568007865C7 /* LaunchScreen.storyboard */ = {
			isa = PBXVariantGroup;
			children = (
				AE84FA4A24047568007865C7 /* Base */,
			);
			name = LaunchScreen.storyboard;
			sourceTree = "<group>";
		};
/* End PBXVariantGroup section */

/* Begin XCBuildConfiguration section */
		AE84FA4D24047568007865C7 /* Debug */ = {
			isa = XCBuildConfiguration;
			buildSettings = {
				ALWAYS_SEARCH_USER_PATHS = NO;
				CLANG_ANALYZER_NONNULL = YES;
				CLANG_ANALYZER_NUMBER_OBJECT_CONVERSION = YES_AGGRESSIVE;
				CLANG_CXX_LANGUAGE_STANDARD = "gnu++14";
				CLANG_CXX_LIBRARY = "libc++";
				CLANG_ENABLE_MODULES = YES;
				CLANG_ENABLE_OBJC_ARC = YES;
				CLANG_ENABLE_OBJC_WEAK = YES;
				CLANG_WARN_BLOCK_CAPTURE_AUTORELEASING = YES;
				CLANG_WARN_BOOL_CONVERSION = YES;
				CLANG_WARN_COMMA = YES;
				CLANG_WARN_CONSTANT_CONVERSION = YES;
				CLANG_WARN_DEPRECATED_OBJC_IMPLEMENTATIONS = YES;
				CLANG_WARN_DIRECT_OBJC_ISA_USAGE = YES_ERROR;
				CLANG_WARN_DOCUMENTATION_COMMENTS = YES;
				CLANG_WARN_EMPTY_BODY = YES;
				CLANG_WARN_ENUM_CONVERSION = YES;
				CLANG_WARN_INFINITE_RECURSION = YES;
				CLANG_WARN_INT_CONVERSION = YES;
				CLANG_WARN_NON_LITERAL_NULL_CONVERSION = YES;
				CLANG_WARN_OBJC_IMPLICIT_RETAIN_SELF = YES;
				CLANG_WARN_OBJC_LITERAL_CONVERSION = YES;
				CLANG_WARN_OBJC_ROOT_CLASS = YES_ERROR;
				CLANG_WARN_RANGE_LOOP_ANALYSIS = YES;
				CLANG_WARN_STRICT_PROTOTYPES = YES;
				CLANG_WARN_SUSPICIOUS_MOVE = YES;
				CLANG_WARN_UNGUARDED_AVAILABILITY = YES_AGGRESSIVE;
				CLANG_WARN_UNREACHABLE_CODE = YES;
				CLANG_WARN__DUPLICATE_METHOD_MATCH = YES;
				CODE_SIGN_IDENTITY = "iPhone Developer";
				COPY_PHASE_STRIP = NO;
				DEBUG_INFORMATION_FORMAT = dwarf;
				ENABLE_STRICT_OBJC_MSGSEND = YES;
				ENABLE_TESTABILITY = YES;
				GCC_C_LANGUAGE_STANDARD = gnu11;
				GCC_DYNAMIC_NO_PIC = NO;
				GCC_NO_COMMON_BLOCKS = YES;
				GCC_OPTIMIZATION_LEVEL = 0;
				GCC_PREPROCESSOR_DEFINITIONS = (
					"DEBUG=1",
					"$(inherited)",
				);
				GCC_WARN_64_TO_32_BIT_CONVERSION = YES;
				GCC_WARN_ABOUT_RETURN_TYPE = YES_ERROR;
				GCC_WARN_UNDECLARED_SELECTOR = YES;
				GCC_WARN_UNINITIALIZED_AUTOS = YES_AGGRESSIVE;
				GCC_WARN_UNUSED_FUNCTION = YES;
				GCC_WARN_UNUSED_VARIABLE = YES;
				IPHONEOS_DEPLOYMENT_TARGET = 12.4;
				MTL_ENABLE_DEBUG_INFO = INCLUDE_SOURCE;
				MTL_FAST_MATH = YES;
				ONLY_ACTIVE_ARCH = YES;
				SDKROOT = iphoneos;
				SWIFT_ACTIVE_COMPILATION_CONDITIONS = DEBUG;
				SWIFT_OPTIMIZATION_LEVEL = "-Onone";
			};
			name = Debug;
		};
		AE84FA4E24047568007865C7 /* Release */ = {
			isa = XCBuildConfiguration;
			buildSettings = {
				ALWAYS_SEARCH_USER_PATHS = NO;
				CLANG_ANALYZER_NONNULL = YES;
				CLANG_ANALYZER_NUMBER_OBJECT_CONVERSION = YES_AGGRESSIVE;
				CLANG_CXX_LANGUAGE_STANDARD = "gnu++14";
				CLANG_CXX_LIBRARY = "libc++";
				CLANG_ENABLE_MODULES = YES;
				CLANG_ENABLE_OBJC_ARC = YES;
				CLANG_ENABLE_OBJC_WEAK = YES;
				CLANG_WARN_BLOCK_CAPTURE_AUTORELEASING = YES;
				CLANG_WARN_BOOL_CONVERSION = YES;
				CLANG_WARN_COMMA = YES;
				CLANG_WARN_CONSTANT_CONVERSION = YES;
				CLANG_WARN_DEPRECATED_OBJC_IMPLEMENTATIONS = YES;
				CLANG_WARN_DIRECT_OBJC_ISA_USAGE = YES_ERROR;
				CLANG_WARN_DOCUMENTATION_COMMENTS = YES;
				CLANG_WARN_EMPTY_BODY = YES;
				CLANG_WARN_ENUM_CONVERSION = YES;
				CLANG_WARN_INFINITE_RECURSION = YES;
				CLANG_WARN_INT_CONVERSION = YES;
				CLANG_WARN_NON_LITERAL_NULL_CONVERSION = YES;
				CLANG_WARN_OBJC_IMPLICIT_RETAIN_SELF = YES;
				CLANG_WARN_OBJC_LITERAL_CONVERSION = YES;
				CLANG_WARN_OBJC_ROOT_CLASS = YES_ERROR;
				CLANG_WARN_RANGE_LOOP_ANALYSIS = YES;
				CLANG_WARN_STRICT_PROTOTYPES = YES;
				CLANG_WARN_SUSPICIOUS_MOVE = YES;
				CLANG_WARN_UNGUARDED_AVAILABILITY = YES_AGGRESSIVE;
				CLANG_WARN_UNREACHABLE_CODE = YES;
				CLANG_WARN__DUPLICATE_METHOD_MATCH = YES;
				CODE_SIGN_IDENTITY = "iPhone Developer";
				COPY_PHASE_STRIP = NO;
				DEBUG_INFORMATION_FORMAT = "dwarf-with-dsym";
				ENABLE_NS_ASSERTIONS = NO;
				ENABLE_STRICT_OBJC_MSGSEND = YES;
				GCC_C_LANGUAGE_STANDARD = gnu11;
				GCC_NO_COMMON_BLOCKS = YES;
				GCC_WARN_64_TO_32_BIT_CONVERSION = YES;
				GCC_WARN_ABOUT_RETURN_TYPE = YES_ERROR;
				GCC_WARN_UNDECLARED_SELECTOR = YES;
				GCC_WARN_UNINITIALIZED_AUTOS = YES_AGGRESSIVE;
				GCC_WARN_UNUSED_FUNCTION = YES;
				GCC_WARN_UNUSED_VARIABLE = YES;
				IPHONEOS_DEPLOYMENT_TARGET = 12.4;
				MTL_ENABLE_DEBUG_INFO = NO;
				MTL_FAST_MATH = YES;
				SDKROOT = iphoneos;
				SWIFT_COMPILATION_MODE = wholemodule;
				SWIFT_OPTIMIZATION_LEVEL = "-O";
				VALIDATE_PRODUCT = YES;
			};
			name = Release;
		};
		AE84FA5024047568007865C7 /* Debug */ = {
			isa = XCBuildConfiguration;
			buildSettings = {
				ASSETCATALOG_COMPILER_APPICON_NAME = AppIcon;
				CODE_SIGN_STYLE = Manual;
				DEVELOPMENT_TEAM = "";
				INFOPLIST_FILE = final/Info.plist;
				LD_RUNPATH_SEARCH_PATHS = (
					"$(inherited)",
					"@executable_path/Frameworks",
				);
				PRODUCT_BUNDLE_IDENTIFIER = com.github.prog31632.final;
				PRODUCT_NAME = "$(TARGET_NAME)";
				PROVISIONING_PROFILE_SPECIFIER = "";
				SWIFT_VERSION = 5.0;
				TARGETED_DEVICE_FAMILY = "1,2";
			};
			name = Debug;
		};
		AE84FA5124047568007865C7 /* Release */ = {
			isa = XCBuildConfiguration;
			buildSettings = {
				ASSETCATALOG_COMPILER_APPICON_NAME = AppIcon;
				CODE_SIGN_STYLE = Manual;
				DEVELOPMENT_TEAM = "";
				INFOPLIST_FILE = final/Info.plist;
				LD_RUNPATH_SEARCH_PATHS = (
					"$(inherited)",
					"@executable_path/Frameworks",
				);
				PRODUCT_BUNDLE_IDENTIFIER = com.github.prog31632.final;
				PRODUCT_NAME = "$(TARGET_NAME)";
				PROVISIONING_PROFILE_SPECIFIER = "";
				SWIFT_VERSION = 5.0;
				TARGETED_DEVICE_FAMILY = "1,2";
			};
			name = Release;
		};
/* End XCBuildConfiguration section */

/* Begin XCConfigurationList section */
		AE84FA3824047568007865C7 /* Build configuration list for PBXProject "final" */ = {
			isa = XCConfigurationList;
			buildConfigurations = (
				AE84FA4D24047568007865C7 /* Debug */,
				AE84FA4E24047568007865C7 /* Release */,
			);
			defaultConfigurationIsVisible = 0;
			defaultConfigurationName = Release;
		};
		AE84FA4F24047568007865C7 /* Build configuration list for PBXNativeTarget "final" */ = {
			isa = XCConfigurationList;
			buildConfigurations = (
				AE84FA5024047568007865C7 /* Debug */,
				AE84FA5124047568007865C7 /* Release */,
			);
			defaultConfigurationIsVisible = 0;
			defaultConfigurationName = Release;
		};
/* End XCConfigurationList section */

/* Begin XCRemoteSwiftPackageReference section */
		7098BA2C243EA84500259F9D /* XCRemoteSwiftPackageReference "Alamofire" */ = {
			isa = XCRemoteSwiftPackageReference;
			repositoryURL = "https://github.com/Alamofire/Alamofire";
			requirement = {
				kind = upToNextMajorVersion;
				minimumVersion = 5.1.0;
			};
		};
/* End XCRemoteSwiftPackageReference section */
	};
	rootObject = AE84FA3524047568007865C7 /* Project object */;
}
